{
    "_meta": {
        "hash": {
            "sha256": "e46af6665773efd1b3416098d44dffda9edef92e3c7f4f7f14e30098f6a4fde4"
        },
        "pipfile-spec": 6,
        "requires": {},
        "sources": [
            {
                "name": "pypi",
                "url": "https://pypi.org/simple",
                "verify_ssl": true
            }
        ]
    },
    "default": {
        "alabaster": {
            "hashes": [
                "sha256:446438bdcca0e05bd45ea2de1668c1d9b032e1a9154c2c259092d77031ddd359",
                "sha256:a661d72d58e6ea8a57f7a86e37d86716863ee5e92788398526d58b26a4e4dc02"
            ],
            "version": "==0.7.12"
        },
        "ansible": {
            "hashes": [
                "sha256:a24bac21f1cc15130b74851a1d3b5128c48d235d940ead25997c85337965e703"
            ],
            "index": "pypi",
            "version": "==2.9.0rc1"
        },
        "babel": {
            "hashes": [
                "sha256:1aac2ae2d0d8ea368fa90906567f5c08463d98ade155c0c4bfedd6a0f7160e38",
                "sha256:d670ea0b10f8b723672d3a6abeb87b565b244da220d76b4dba1b66269ec152d4"
            ],
            "version": "==2.8.0"
        },
        "bcrypt": {
            "hashes": [
                "sha256:0258f143f3de96b7c14f762c770f5fc56ccd72f8a1857a451c1cd9a655d9ac89",
                "sha256:0b0069c752ec14172c5f78208f1863d7ad6755a6fae6fe76ec2c80d13be41e42",
                "sha256:19a4b72a6ae5bb467fea018b825f0a7d917789bcfe893e53f15c92805d187294",
                "sha256:5432dd7b34107ae8ed6c10a71b4397f1c853bd39a4d6ffa7e35f40584cffd161",
                "sha256:6305557019906466fc42dbc53b46da004e72fd7a551c044a827e572c82191752",
                "sha256:69361315039878c0680be456640f8705d76cb4a3a3fe1e057e0f261b74be4b31",
                "sha256:6fe49a60b25b584e2f4ef175b29d3a83ba63b3a4df1b4c0605b826668d1b6be5",
                "sha256:74a015102e877d0ccd02cdeaa18b32aa7273746914a6c5d0456dd442cb65b99c",
                "sha256:763669a367869786bb4c8fcf731f4175775a5b43f070f50f46f0b59da45375d0",
                "sha256:8b10acde4e1919d6015e1df86d4c217d3b5b01bb7744c36113ea43d529e1c3de",
                "sha256:9fe92406c857409b70a38729dbdf6578caf9228de0aef5bc44f859ffe971a39e",
                "sha256:a190f2a5dbbdbff4b74e3103cef44344bc30e61255beb27310e2aec407766052",
                "sha256:a595c12c618119255c90deb4b046e1ca3bcfad64667c43d1166f2b04bc72db09",
                "sha256:c9457fa5c121e94a58d6505cadca8bed1c64444b83b3204928a866ca2e599105",
                "sha256:cb93f6b2ab0f6853550b74e051d297c27a638719753eb9ff66d1e4072be67133",
                "sha256:ce4e4f0deb51d38b1611a27f330426154f2980e66582dc5f438aad38b5f24fc1",
                "sha256:d7bdc26475679dd073ba0ed2766445bb5b20ca4793ca0db32b399dccc6bc84b7",
                "sha256:ff032765bb8716d9387fd5376d987a937254b0619eff0972779515b5c98820bc"
            ],
            "version": "==3.1.7"
        },
        "certifi": {
            "hashes": [
                "sha256:017c25db2a153ce562900032d5bc68e9f191e44e9a0f762f373977de9df1fbb3",
                "sha256:25b64c7da4cd7479594d035c08c2d809eb4aab3a26e5a990ea98cc450c320f1f"
            ],
            "version": "==2019.11.28"
        },
        "cffi": {
            "hashes": [
                "sha256:001bf3242a1bb04d985d63e138230802c6c8d4db3668fb545fb5005ddf5bb5ff",
                "sha256:00789914be39dffba161cfc5be31b55775de5ba2235fe49aa28c148236c4e06b",
                "sha256:028a579fc9aed3af38f4892bdcc7390508adabc30c6af4a6e4f611b0c680e6ac",
                "sha256:14491a910663bf9f13ddf2bc8f60562d6bc5315c1f09c704937ef17293fb85b0",
                "sha256:1cae98a7054b5c9391eb3249b86e0e99ab1e02bb0cc0575da191aedadbdf4384",
                "sha256:2089ed025da3919d2e75a4d963d008330c96751127dd6f73c8dc0c65041b4c26",
                "sha256:2d384f4a127a15ba701207f7639d94106693b6cd64173d6c8988e2c25f3ac2b6",
                "sha256:337d448e5a725bba2d8293c48d9353fc68d0e9e4088d62a9571def317797522b",
                "sha256:399aed636c7d3749bbed55bc907c3288cb43c65c4389964ad5ff849b6370603e",
                "sha256:3b911c2dbd4f423b4c4fcca138cadde747abdb20d196c4a48708b8a2d32b16dd",
                "sha256:3d311bcc4a41408cf5854f06ef2c5cab88f9fded37a3b95936c9879c1640d4c2",
                "sha256:62ae9af2d069ea2698bf536dcfe1e4eed9090211dbaafeeedf5cb6c41b352f66",
                "sha256:66e41db66b47d0d8672d8ed2708ba91b2f2524ece3dee48b5dfb36be8c2f21dc",
                "sha256:675686925a9fb403edba0114db74e741d8181683dcf216be697d208857e04ca8",
                "sha256:7e63cbcf2429a8dbfe48dcc2322d5f2220b77b2e17b7ba023d6166d84655da55",
                "sha256:8a6c688fefb4e1cd56feb6c511984a6c4f7ec7d2a1ff31a10254f3c817054ae4",
                "sha256:8c0ffc886aea5df6a1762d0019e9cb05f825d0eec1f520c51be9d198701daee5",
                "sha256:95cd16d3dee553f882540c1ffe331d085c9e629499ceadfbda4d4fde635f4b7d",
                "sha256:99f748a7e71ff382613b4e1acc0ac83bf7ad167fb3802e35e90d9763daba4d78",
                "sha256:b8c78301cefcf5fd914aad35d3c04c2b21ce8629b5e4f4e45ae6812e461910fa",
                "sha256:c420917b188a5582a56d8b93bdd8e0f6eca08c84ff623a4c16e809152cd35793",
                "sha256:c43866529f2f06fe0edc6246eb4faa34f03fe88b64a0a9a942561c8e22f4b71f",
                "sha256:cab50b8c2250b46fe738c77dbd25ce017d5e6fb35d3407606e7a4180656a5a6a",
                "sha256:cef128cb4d5e0b3493f058f10ce32365972c554572ff821e175dbc6f8ff6924f",
                "sha256:cf16e3cf6c0a5fdd9bc10c21687e19d29ad1fe863372b5543deaec1039581a30",
                "sha256:e56c744aa6ff427a607763346e4170629caf7e48ead6921745986db3692f987f",
                "sha256:e577934fc5f8779c554639376beeaa5657d54349096ef24abe8c74c5d9c117c3",
                "sha256:f2b0fa0c01d8a0c7483afd9f31d7ecf2d71760ca24499c8697aeb5ca37dc090c"
            ],
            "version": "==1.14.0"
        },
        "chardet": {
            "hashes": [
                "sha256:84ab92ed1c4d4f16916e05906b6b75a6c0fb5db821cc65e70cbd64a3e2a5eaae",
                "sha256:fc323ffcaeaed0e0a02bf4d117757b98aed530d9ed4531e3e15460124c106691"
            ],
            "version": "==3.0.4"
        },
        "cryptography": {
            "hashes": [
                "sha256:02079a6addc7b5140ba0825f542c0869ff4df9a69c360e339ecead5baefa843c",
                "sha256:1df22371fbf2004c6f64e927668734070a8953362cd8370ddd336774d6743595",
                "sha256:369d2346db5934345787451504853ad9d342d7f721ae82d098083e1f49a582ad",
                "sha256:3cda1f0ed8747339bbdf71b9f38ca74c7b592f24f65cdb3ab3765e4b02871651",
                "sha256:44ff04138935882fef7c686878e1c8fd80a723161ad6a98da31e14b7553170c2",
                "sha256:4b1030728872c59687badcca1e225a9103440e467c17d6d1730ab3d2d64bfeff",
                "sha256:58363dbd966afb4f89b3b11dfb8ff200058fbc3b947507675c19ceb46104b48d",
                "sha256:6ec280fb24d27e3d97aa731e16207d58bd8ae94ef6eab97249a2afe4ba643d42",
                "sha256:7270a6c29199adc1297776937a05b59720e8a782531f1f122f2eb8467f9aab4d",
                "sha256:73fd30c57fa2d0a1d7a49c561c40c2f79c7d6c374cc7750e9ac7c99176f6428e",
                "sha256:7f09806ed4fbea8f51585231ba742b58cbcfbfe823ea197d8c89a5e433c7e912",
                "sha256:90df0cc93e1f8d2fba8365fb59a858f51a11a394d64dbf3ef844f783844cc793",
                "sha256:971221ed40f058f5662a604bd1ae6e4521d84e6cad0b7b170564cc34169c8f13",
                "sha256:a518c153a2b5ed6b8cc03f7ae79d5ffad7315ad4569b2d5333a13c38d64bd8d7",
                "sha256:b0de590a8b0979649ebeef8bb9f54394d3a41f66c5584fff4220901739b6b2f0",
                "sha256:b43f53f29816ba1db8525f006fa6f49292e9b029554b3eb56a189a70f2a40879",
                "sha256:d31402aad60ed889c7e57934a03477b572a03af7794fa8fb1780f21ea8f6551f",
                "sha256:de96157ec73458a7f14e3d26f17f8128c959084931e8997b9e655a39c8fde9f9",
                "sha256:df6b4dca2e11865e6cfbfb708e800efb18370f5a46fd601d3755bc7f85b3a8a2",
                "sha256:ecadccc7ba52193963c0475ac9f6fa28ac01e01349a2ca48509667ef41ffd2cf",
                "sha256:fb81c17e0ebe3358486cd8cc3ad78adbae58af12fc2bf2bc0bb84e8090fa5ce8"
            ],
            "version": "==2.8"
        },
        "cycler": {
            "hashes": [
                "sha256:1d8a5ae1ff6c5cf9b93e8811e581232ad8920aeec647c37316ceac982b08cb2d",
                "sha256:cd7b2d1018258d7247a71425e9f26463dfb444d411c39569972f4ce586b0c9d8"
            ],
            "version": "==0.10.0"
        },
        "docutils": {
            "hashes": [
                "sha256:0c5b78adfbf7762415433f5515cd5c9e762339e23369dbe8000d84a4bf4ab3af",
                "sha256:c2de3a60e9e7d07be26b7f2b00ca0309c207e06c100f9cc2a94931fc75a478fc"
            ],
            "version": "==0.16"
        },
        "fabric": {
            "hashes": [
                "sha256:160331934ea60036604928e792fa8e9f813266b098ef5562aa82b88527740389",
                "sha256:24842d7d51556adcabd885ac3cf5e1df73fc622a1708bf3667bf5927576cdfa6"
            ],
            "index": "pypi",
            "version": "==2.5.0"
        },
        "idna": {
            "hashes": [
                "sha256:7588d1c14ae4c77d74036e8c22ff447b26d0fde8f007354fd48a7814db15b7cb",
                "sha256:a068a21ceac8a4d63dbfd964670474107f541babbd2250d61922f029858365fa"
            ],
            "version": "==2.9"
        },
        "imagesize": {
            "hashes": [
                "sha256:6965f19a6a2039c7d48bca7dba2473069ff854c36ae6f19d2cde309d998228a1",
                "sha256:b1f6b5a4eab1f73479a50fb79fcf729514a900c341d8503d62a62dbc4127a2b1"
            ],
            "version": "==1.2.0"
        },
        "invoke": {
            "hashes": [
                "sha256:87b3ef9d72a1667e104f89b159eaf8a514dbf2f3576885b2bbdefe74c3fb2132",
                "sha256:93e12876d88130c8e0d7fd6618dd5387d6b36da55ad541481dfa5e001656f134",
                "sha256:de3f23bfe669e3db1085789fd859eb8ca8e0c5d9c20811e2407fa042e8a5e15d"
            ],
            "version": "==1.4.1"
        },
        "jinja2": {
            "hashes": [
                "sha256:c10142f819c2d22bdcd17548c46fa9b77cf4fda45097854c689666bf425e7484",
                "sha256:c922560ac46888d47384de1dbdc3daaa2ea993af4b26a436dec31fa2c19ec668"
            ],
            "version": "==3.0.0a1"
        },
        "joblib": {
            "hashes": [
                "sha256:0630eea4f5664c463f23fbf5dcfc54a2bc6168902719fa8e19daf033022786c8",
                "sha256:bdb4fd9b72915ffb49fde2229ce482dd7ae79d842ed8c2b4c932441495af1403"
            ],
            "version": "==0.14.1"
        },
        "keithley2600b": {
            "hashes": [
                "sha256:d790d443e2ece3d999681e7f427468fb940bf16328e9ace09946b97dba124290"
            ],
            "index": "pypi",
            "version": "==0.0.2"
        },
        "kiwisolver": {
            "hashes": [
                "sha256:05b5b061e09f60f56244adc885c4a7867da25ca387376b02c1efc29cc16bcd0f",
                "sha256:210d8c39d01758d76c2b9a693567e1657ec661229bc32eac30761fa79b2474b0",
                "sha256:26f4fbd6f5e1dabff70a9ba0d2c4bd30761086454aa30dddc5b52764ee4852b7",
                "sha256:3b15d56a9cd40c52d7ab763ff0bc700edbb4e1a298dc43715ecccd605002cf11",
                "sha256:3b2378ad387f49cbb328205bda569b9f87288d6bc1bf4cd683c34523a2341efe",
                "sha256:400599c0fe58d21522cae0e8b22318e09d9729451b17ee61ba8e1e7c0346565c",
                "sha256:47b8cb81a7d18dbaf4fed6a61c3cecdb5adec7b4ac292bddb0d016d57e8507d5",
                "sha256:53eaed412477c836e1b9522c19858a8557d6e595077830146182225613b11a75",
                "sha256:58e626e1f7dfbb620d08d457325a4cdac65d1809680009f46bf41eaf74ad0187",
                "sha256:5a52e1b006bfa5be04fe4debbcdd2688432a9af4b207a3f429c74ad625022641",
                "sha256:5c7ca4e449ac9f99b3b9d4693debb1d6d237d1542dd6a56b3305fe8a9620f883",
                "sha256:682e54f0ce8f45981878756d7203fd01e188cc6c8b2c5e2cf03675390b4534d5",
                "sha256:76275ee077772c8dde04fb6c5bc24b91af1bb3e7f4816fd1852f1495a64dad93",
                "sha256:79bfb2f0bd7cbf9ea256612c9523367e5ec51d7cd616ae20ca2c90f575d839a2",
                "sha256:7f4dd50874177d2bb060d74769210f3bce1af87a8c7cf5b37d032ebf94f0aca3",
                "sha256:8944a16020c07b682df861207b7e0efcd2f46c7488619cb55f65882279119389",
                "sha256:8aa7009437640beb2768bfd06da049bad0df85f47ff18426261acecd1cf00897",
                "sha256:9105ce82dcc32c73eb53a04c869b6a4bc756b43e4385f76ea7943e827f529e4d",
                "sha256:933df612c453928f1c6faa9236161a1d999a26cd40abf1dc5d7ebbc6dbfb8fca",
                "sha256:939f36f21a8c571686eb491acfffa9c7f1ac345087281b412d63ea39ca14ec4a",
                "sha256:9491578147849b93e70d7c1d23cb1229458f71fc79c51d52dce0809b2ca44eea",
                "sha256:9733b7f64bd9f807832d673355f79703f81f0b3e52bfce420fc00d8cb28c6a6c",
                "sha256:a02f6c3e229d0b7220bd74600e9351e18bc0c361b05f29adae0d10599ae0e326",
                "sha256:a0c0a9f06872330d0dd31b45607197caab3c22777600e88031bfe66799e70bb0",
                "sha256:aa716b9122307c50686356cfb47bfbc66541868078d0c801341df31dca1232a9",
                "sha256:acc4df99308111585121db217681f1ce0eecb48d3a828a2f9bbf9773f4937e9e",
                "sha256:b64916959e4ae0ac78af7c3e8cef4becee0c0e9694ad477b4c6b3a536de6a544",
                "sha256:d22702cadb86b6fcba0e6b907d9f84a312db9cd6934ee728144ce3018e715ee1",
                "sha256:d3fcf0819dc3fea58be1fd1ca390851bdb719a549850e708ed858503ff25d995",
                "sha256:d52e3b1868a4e8fd18b5cb15055c76820df514e26aa84cc02f593d99fef6707f",
                "sha256:db1a5d3cc4ae943d674718d6c47d2d82488ddd94b93b9e12d24aabdbfe48caee",
                "sha256:e3a21a720791712ed721c7b95d433e036134de6f18c77dbe96119eaf7aa08004",
                "sha256:e8bf074363ce2babeb4764d94f8e65efd22e6a7c74860a4f05a6947afc020ff2",
                "sha256:f16814a4a96dc04bf1da7d53ee8d5b1d6decfc1a92a63349bb15d37b6a263dd9",
                "sha256:f2b22153870ca5cf2ab9c940d7bc38e8e9089fa0f7e5856ea195e1cf4ff43d5a",
                "sha256:f790f8b3dff3d53453de6a7b7ddd173d2e020fb160baff578d578065b108a05f",
                "sha256:fe51b79da0062f8e9d49ed0182a626a7dc7a0cbca0328f612c6ee5e4711c81e4"
            ],
            "version": "==1.1.0"
        },
        "markupsafe": {
            "hashes": [
                "sha256:00bc623926325b26bb9605ae9eae8a215691f33cae5df11ca5424f06f2d1f473",
                "sha256:09027a7803a62ca78792ad89403b1b7a73a01c8cb65909cd876f7fcebd79b161",
                "sha256:09c4b7f37d6c648cb13f9230d847adf22f8171b1ccc4d5682398e77f40309235",
                "sha256:1027c282dad077d0bae18be6794e6b6b8c91d58ed8a8d89a89d59693b9131db5",
                "sha256:13d3144e1e340870b25e7b10b98d779608c02016d5184cfb9927a9f10c689f42",
                "sha256:24982cc2533820871eba85ba648cd53d8623687ff11cbb805be4ff7b4c971aff",
                "sha256:29872e92839765e546828bb7754a68c418d927cd064fd4708fab9fe9c8bb116b",
                "sha256:43a55c2930bbc139570ac2452adf3d70cdbb3cfe5912c71cdce1c2c6bbd9c5d1",
                "sha256:46c99d2de99945ec5cb54f23c8cd5689f6d7177305ebff350a58ce5f8de1669e",
                "sha256:500d4957e52ddc3351cabf489e79c91c17f6e0899158447047588650b5e69183",
                "sha256:535f6fc4d397c1563d08b88e485c3496cf5784e927af890fb3c3aac7f933ec66",
                "sha256:596510de112c685489095da617b5bcbbac7dd6384aeebeda4df6025d0256a81b",
                "sha256:62fe6c95e3ec8a7fad637b7f3d372c15ec1caa01ab47926cfdf7a75b40e0eac1",
                "sha256:6788b695d50a51edb699cb55e35487e430fa21f1ed838122d722e0ff0ac5ba15",
                "sha256:6dd73240d2af64df90aa7c4e7481e23825ea70af4b4922f8ede5b9e35f78a3b1",
                "sha256:717ba8fe3ae9cc0006d7c451f0bb265ee07739daf76355d06366154ee68d221e",
                "sha256:79855e1c5b8da654cf486b830bd42c06e8780cea587384cf6545b7d9ac013a0b",
                "sha256:7c1699dfe0cf8ff607dbdcc1e9b9af1755371f92a68f706051cc8c37d447c905",
                "sha256:88e5fcfb52ee7b911e8bb6d6aa2fd21fbecc674eadd44118a9cc3863f938e735",
                "sha256:8defac2f2ccd6805ebf65f5eeb132adcf2ab57aa11fdf4c0dd5169a004710e7d",
                "sha256:98c7086708b163d425c67c7a91bad6e466bb99d797aa64f965e9d25c12111a5e",
                "sha256:9add70b36c5666a2ed02b43b335fe19002ee5235efd4b8a89bfcf9005bebac0d",
                "sha256:9bf40443012702a1d2070043cb6291650a0841ece432556f784f004937f0f32c",
                "sha256:ade5e387d2ad0d7ebf59146cc00c8044acbd863725f887353a10df825fc8ae21",
                "sha256:b00c1de48212e4cc9603895652c5c410df699856a2853135b3967591e4beebc2",
                "sha256:b1282f8c00509d99fef04d8ba936b156d419be841854fe901d8ae224c59f0be5",
                "sha256:b2051432115498d3562c084a49bba65d97cf251f5a331c64a12ee7e04dacc51b",
                "sha256:ba59edeaa2fc6114428f1637ffff42da1e311e29382d81b339c1817d37ec93c6",
                "sha256:c8716a48d94b06bb3b2524c2b77e055fb313aeb4ea620c8dd03a105574ba704f",
                "sha256:cd5df75523866410809ca100dc9681e301e3c27567cf498077e8551b6d20e42f",
                "sha256:cdb132fc825c38e1aeec2c8aa9338310d29d337bebbd7baa06889d09a60a1fa2",
                "sha256:e249096428b3ae81b08327a63a485ad0878de3fb939049038579ac0ef61e17e7",
                "sha256:e8313f01ba26fbbe36c7be1966a7b7424942f670f38e666995b88d012765b9be"
            ],
            "version": "==1.1.1"
        },
        "matplotlib": {
            "hashes": [
                "sha256:1febd22afe1489b13c6749ea059d392c03261b2950d1d45c17e3aed812080c93",
                "sha256:31a30d03f39528c79f3a592857be62a08595dec4ac034978ecd0f814fa0eec2d",
                "sha256:4442ce720907f67a79d45de9ada47be81ce17e6c2f448b3c64765af93f6829c9",
                "sha256:796edbd1182cbffa7e1e7a97f1e141f875a8501ba8dd834269ae3cd45a8c976f",
                "sha256:934e6243df7165aad097572abf5b6003c77c9b6c480c3c4de6f2ef1b5fdd4ec0",
                "sha256:bab9d848dbf1517bc58d1f486772e99919b19efef5dd8596d4b26f9f5ee08b6b",
                "sha256:c1fe1e6cdaa53f11f088b7470c2056c0df7d80ee4858dadf6cbe433fcba4323b",
                "sha256:e5b8aeca9276a3a988caebe9f08366ed519fff98f77c6df5b64d7603d0e42e36",
                "sha256:ec6bd0a6a58df3628ff269978f4a4b924a0d371ad8ce1f8e2b635b99e482877a"
            ],
            "index": "pypi",
            "version": "==3.1.1"
        },
        "numpy": {
            "hashes": [
                "sha256:05dbfe72684cc14b92568de1bc1f41e5f62b00f714afc9adee42f6311738091f",
                "sha256:0d82cb7271a577529d07bbb05cb58675f2deb09772175fab96dc8de025d8ac05",
                "sha256:10132aa1fef99adc85a905d82e8497a580f83739837d7cbd234649f2e9b9dc58",
                "sha256:12322df2e21f033a60c80319c25011194cd2a21294cc66fee0908aeae2c27832",
                "sha256:16f19b3aa775dddc9814e02a46b8e6ae6a54ed8cf143962b4e53f0471dbd7b16",
                "sha256:3d0b0989dd2d066db006158de7220802899a1e5c8cf622abe2d0bd158fd01c2c",
                "sha256:438a3f0e7b681642898fd7993d38e2bf140a2d1eafaf3e89bb626db7f50db355",
                "sha256:5fd214f482ab53f2cea57414c5fb3e58895b17df6e6f5bca5be6a0bb6aea23bb",
                "sha256:73615d3edc84dd7c4aeb212fa3748fb83217e00d201875a47327f55363cef2df",
                "sha256:7bd355ad7496f4ce1d235e9814ec81ee3d28308d591c067ce92e49f745ba2c2f",
                "sha256:7d077f2976b8f3de08a0dcf5d72083f4af5411e8fddacd662aae27baa2601196",
                "sha256:a4092682778dc48093e8bda8d26ee8360153e2047826f95a3f5eae09f0ae3abf",
                "sha256:b458de8624c9f6034af492372eb2fee41a8e605f03f4732f43fc099e227858b2",
                "sha256:e70fc8ff03a961f13363c2c95ef8285e0cf6a720f8271836f852cc0fa64e97c8",
                "sha256:ee8e9d7cad5fe6dde50ede0d2e978d81eafeaa6233fb0b8719f60214cf226578",
                "sha256:f4a4f6aba148858a5a5d546a99280f71f5ee6ec8182a7d195af1a914195b21a2"
            ],
            "index": "pypi",
            "version": "==1.17.2"
        },
        "packaging": {
            "hashes": [
                "sha256:170748228214b70b672c581a3dd610ee51f733018650740e98c7df862a583f73",
                "sha256:e665345f9eef0c621aa0bf2f8d78cf6d21904eef16a93f020240b704a57f1334"
            ],
            "version": "==20.1"
        },
        "pandas": {
            "hashes": [
                "sha256:18d91a9199d1dfaa01ad645f7540370ba630bdcef09daaf9edf45b4b1bca0232",
                "sha256:3f26e5da310a0c0b83ea50da1fd397de2640b02b424aa69be7e0784228f656c9",
                "sha256:4182e32f4456d2c64619e97c58571fa5ca0993d1e8c2d9ca44916185e1726e15",
                "sha256:426e590e2eb0e60f765271d668a30cf38b582eaae5ec9b31229c8c3c10c5bc21",
                "sha256:5eb934a8f0dc358f0e0cdf314072286bbac74e4c124b64371395e94644d5d919",
                "sha256:717928808043d3ea55b9bcde636d4a52d2236c246f6df464163a66ff59980ad8",
                "sha256:8145f97c5ed71827a6ec98ceaef35afed1377e2d19c4078f324d209ff253ecb5",
                "sha256:8744c84c914dcc59cbbb2943b32b7664df1039d99e834e1034a3372acb89ea4d",
                "sha256:c1ac1d9590d0c9314ebf01591bd40d4c03d710bfc84a3889e5263c97d7891dee",
                "sha256:cb2e197b7b0687becb026b84d3c242482f20cbb29a9981e43604eb67576da9f6",
                "sha256:d4001b71ad2c9b84ff18b182cea22b7b6cbf624216da3ea06fb7af28d1f93165",
                "sha256:d8930772adccb2882989ab1493fa74bd87d47c8ac7417f5dd3dd834ba8c24dc9",
                "sha256:dfbb0173ee2399bc4ed3caf2d236e5c0092f948aafd0a15fbe4a0e77ee61a958",
                "sha256:eebfbba048f4fa8ac711b22c78516e16ff8117d05a580e7eeef6b0c2be554c18",
                "sha256:f1b21bc5cf3dbea53d33615d1ead892dfdae9d7052fa8898083bec88be20dcd2"
            ],
            "index": "pypi",
            "version": "==0.25.1"
        },
        "paramiko": {
            "hashes": [
                "sha256:920492895db8013f6cc0179293147f830b8c7b21fdfc839b6bad760c27459d9f",
                "sha256:9c980875fa4d2cb751604664e9a2d0f69096643f5be4db1b99599fe114a97b2f"
            ],
            "version": "==2.7.1"
        },
        "pbr": {
            "hashes": [
                "sha256:139d2625547dbfa5fb0b81daebb39601c478c21956dc57e2e07b74450a8c506b",
                "sha256:61aa52a0f18b71c5cc58232d2cf8f8d09cd67fcad60b742a60124cb8d6951488"
            ],
            "version": "==5.4.4"
        },
        "pycparser": {
            "hashes": [
                "sha256:a988718abfad80b6b157acce7bf130a30876d27603738ac39f140993246b25b3"
            ],
            "version": "==2.19"
        },
        "pygments": {
            "hashes": [
                "sha256:2a3fe295e54a20164a9df49c75fa58526d3be48e14aceba6d6b1e8ac0bfd6f1b",
                "sha256:98c8aa5a9f778fcd1026a17361ddaf7330d1b7c62ae97c3bb0ae73e0b9b6b0fe"
            ],
            "version": "==2.5.2"
        },
        "pynacl": {
            "hashes": [
                "sha256:05c26f93964373fc0abe332676cb6735f0ecad27711035b9472751faa8521255",
                "sha256:0c6100edd16fefd1557da078c7a31e7b7d7a52ce39fdca2bec29d4f7b6e7600c",
                "sha256:0d0a8171a68edf51add1e73d2159c4bc19fc0718e79dec51166e940856c2f28e",
                "sha256:1c780712b206317a746ace34c209b8c29dbfd841dfbc02aa27f2084dd3db77ae",
                "sha256:2424c8b9f41aa65bbdbd7a64e73a7450ebb4aa9ddedc6a081e7afcc4c97f7621",
                "sha256:2d23c04e8d709444220557ae48ed01f3f1086439f12dbf11976e849a4926db56",
                "sha256:30f36a9c70450c7878053fa1344aca0145fd47d845270b43a7ee9192a051bf39",
                "sha256:37aa336a317209f1bb099ad177fef0da45be36a2aa664507c5d72015f956c310",
                "sha256:4943decfc5b905748f0756fdd99d4f9498d7064815c4cf3643820c9028b711d1",
                "sha256:53126cd91356342dcae7e209f840212a58dcf1177ad52c1d938d428eebc9fee5",
                "sha256:57ef38a65056e7800859e5ba9e6091053cd06e1038983016effaffe0efcd594a",
                "sha256:5bd61e9b44c543016ce1f6aef48606280e45f892a928ca7068fba30021e9b786",
                "sha256:6482d3017a0c0327a49dddc8bd1074cc730d45db2ccb09c3bac1f8f32d1eb61b",
                "sha256:7d3ce02c0784b7cbcc771a2da6ea51f87e8716004512493a2b69016326301c3b",
                "sha256:a14e499c0f5955dcc3991f785f3f8e2130ed504fa3a7f44009ff458ad6bdd17f",
                "sha256:a39f54ccbcd2757d1d63b0ec00a00980c0b382c62865b61a505163943624ab20",
                "sha256:aabb0c5232910a20eec8563503c153a8e78bbf5459490c49ab31f6adf3f3a415",
                "sha256:bd4ecb473a96ad0f90c20acba4f0bf0df91a4e03a1f4dd6a4bdc9ca75aa3a715",
                "sha256:bf459128feb543cfca16a95f8da31e2e65e4c5257d2f3dfa8c0c1031139c9c92",
                "sha256:e2da3c13307eac601f3de04887624939aca8ee3c9488a0bb0eca4fb9401fc6b1",
                "sha256:f67814c38162f4deb31f68d590771a29d5ae3b1bd64b75cf232308e5c74777e0"
            ],
            "version": "==1.3.0"
        },
        "pyparsing": {
            "hashes": [
                "sha256:4c830582a84fb022400b85429791bc551f1f4871c33f23e44f353119e92f969f",
                "sha256:c342dccb5250c08d45fd6f8b4a559613ca603b57498511740e65cd11a2e7dcec"
            ],
            "version": "==2.4.6"
        },
        "python-dateutil": {
            "hashes": [
                "sha256:73ebfe9dbf22e832286dafa60473e4cd239f8592f699aa5adaf10050e6e1823c",
                "sha256:75bb3f31ea686f1197762692a9ee6a7550b59fc6ca3a1f4b5d7e32fb98e2da2a"
            ],
            "version": "==2.8.1"
        },
        "pytz": {
            "hashes": [
                "sha256:1c557d7d0e871de1f5ccd5833f60fb2550652da6be2693c1e02300743d21500d",
                "sha256:b02c06db6cf09c12dd25137e563b31700d3b80fcc4ad23abb7a315f2789819be"
            ],
            "version": "==2019.3"
        },
        "pyvisa": {
            "hashes": [
                "sha256:ba936e2943ae29d7e33c3df00077d554c6137b02d097457ed4f36d77977e3293"
            ],
            "version": "==1.10.1"
        },
        "pyvisa-py": {
            "hashes": [
                "sha256:1c918650a770a634434f6e8e0e1c097b5f0f80dc23bc60d3779c9890b4aa9150",
                "sha256:3f907cadd10cd40955ed5aa90e42a5bf0c0d2abc6077895c940dbaf75b7666b7"
            ],
            "version": "==0.3.1"
        },
        "pyyaml": {
            "hashes": [
                "sha256:0113bc0ec2ad727182326b61326afa3d1d8280ae1122493553fd6f4397f33df9",
                "sha256:01adf0b6c6f61bd11af6e10ca52b7d4057dd0be0343eb9283c878cf3af56aee4",
                "sha256:5124373960b0b3f4aa7df1707e63e9f109b5263eca5976c66e08b1c552d4eaf8",
                "sha256:5ca4f10adbddae56d824b2c09668e91219bb178a1eee1faa56af6f99f11bf696",
                "sha256:7907be34ffa3c5a32b60b95f4d95ea25361c951383a894fec31be7252b2b6f34",
                "sha256:7ec9b2a4ed5cad025c2278a1e6a19c011c80a3caaac804fd2d329e9cc2c287c9",
                "sha256:87ae4c829bb25b9fe99cf71fbb2140c448f534e24c998cc60f39ae4f94396a73",
                "sha256:9de9919becc9cc2ff03637872a440195ac4241c80536632fffeb6a1e25a74299",
                "sha256:a5a85b10e450c66b49f98846937e8cfca1db3127a9d5d1e31ca45c3d0bef4c5b",
                "sha256:b0997827b4f6a7c286c01c5f60384d218dca4ed7d9efa945c3e1aa623d5709ae",
                "sha256:b631ef96d3222e62861443cc89d6563ba3eeb816eeb96b2629345ab795e53681",
                "sha256:bf47c0607522fdbca6c9e817a6e81b08491de50f3766a7a0e6a5be7905961b41",
                "sha256:f81025eddd0327c7d4cfe9b62cf33190e1e736cc6e97502b3ec425f574b3e7a8"
            ],
            "index": "pypi",
            "version": "==5.1.2"
        },
        "requests": {
            "hashes": [
                "sha256:43999036bfa82904b6af1d99e4882b560e5e2c68e5c4b0aa03b655f3d7d73fee",
                "sha256:b3f43d496c6daba4493e7c431722aeb7dbc6288f52a6e04e7b6023b0247817e6"
            ],
            "version": "==2.23.0"
        },
        "scikit-learn": {
            "hashes": [
                "sha256:06c9816249b9664ef1b04ad6a5d4dfe0c4017c584858c4e658861c2ac5eb4f31",
                "sha256:12ec6b2821a0b4d1b7cbe0e5d6387e64e25e6ec8cfef058b276a14509c3a537b",
                "sha256:13b9ac18d48c051dfea32783067f2e45552e45852b88f3bccdb5c72fa56df3fe",
                "sha256:1e0cb60dae75da9e72d38569d18bbad5008777defd23585035a1314a01af966c",
                "sha256:28033cb7b50b8a6c3762cddd41dc7e5449347dedfa353409a576082e76309d09",
                "sha256:2d35ece66767dd197d020940b1dab3be92ddbb1c96aaef0936d9c4369d544d69",
                "sha256:51ee25330fc244107588545c70e2f3570cfc4017cff09eed69d6e1d82a212b7d",
                "sha256:571476fbb826c87ad300a5aad0238c14a590ab7df5cb823ee19ac077bf13b5f4",
                "sha256:5e0b5bebfd8bd8ab89b58c44acb95ddcc9439b23c875ed597842991cafc18b62",
                "sha256:671874343a0b33bc0dbcae4af0b9a77c55b8132b33887fbfe086681c3f010840",
                "sha256:6fad30299ef3dd103871ad1235b445fd5d2df47c424746eaf3c50fbc99c49cef",
                "sha256:7f1cdfd3c5e9d0951e273f49bb25bd9886537ab77e2273502b8676c3105828ae",
                "sha256:80eec2f54cc7f51c5abb743f09506e009ba2b95bf6fb0e554aa0d8959b680003",
                "sha256:93001af23b0f1e68d93447f9d56bad631d4fc28eafd78b09469fb55aeff715b1",
                "sha256:956a68772df02342af129e8bbe858b3053745c36beb6351a13641e3b56e0df23",
                "sha256:96e1365ba285903e493b1e9505b533171c852f7069d038dcc3395ece952fdc78",
                "sha256:bacc63185520d9eb295d79fa62c388fd7145783920a1fb113451a0b294994cad",
                "sha256:d92b81615854504c27063e0970aed37e644eea5991444558c8aca8fadc1483b3",
                "sha256:d92ed650c32db013f66bba63af4922bd7a9b8c5802d4ee292332e504e567bd4a",
                "sha256:ebdf03b6e7f784e360ab26cf400cd2125d650c0903ef11086c0a3f2b4b07e603",
                "sha256:f18ae2abc09cb94a171840829a8132dda7267c941eb431387a6014f943946825"
            ],
            "index": "pypi",
            "version": "==0.22.1"
        },
        "scipy": {
            "hashes": [
                "sha256:0baa64bf42592032f6f6445a07144e355ca876b177f47ad8d0612901c9375bef",
                "sha256:243b04730d7223d2b844bda9500310eecc9eda0cba9ceaf0cde1839f8287dfa8",
                "sha256:2643cfb46d97b7797d1dbdb6f3c23fe3402904e3c90e6facfe6a9b98d808c1b5",
                "sha256:396eb4cdad421f846a1498299474f0a3752921229388f91f60dc3eda55a00488",
                "sha256:3ae3692616975d3c10aca6d574d6b4ff95568768d4525f76222fb60f142075b9",
                "sha256:435d19f80b4dcf67dc090cc04fde2c5c8a70b3372e64f6a9c58c5b806abfa5a8",
                "sha256:46a5e55850cfe02332998b3aef481d33f1efee1960fe6cfee0202c7dd6fc21ab",
                "sha256:75b513c462e58eeca82b22fc00f0d1875a37b12913eee9d979233349fce5c8b2",
                "sha256:7ccfa44a08226825126c4ef0027aa46a38c928a10f0a8a8483c80dd9f9a0ad44",
                "sha256:89dd6a6d329e3f693d1204d5562dd63af0fd7a17854ced17f9cbc37d5b853c8d",
                "sha256:a81da2fe32f4eab8b60d56ad43e44d93d392da228a77e229e59b51508a00299c",
                "sha256:a9d606d11eb2eec7ef893eb825017fbb6eef1e1d0b98a5b7fc11446ebeb2b9b1",
                "sha256:ac37eb652248e2d7cbbfd89619dce5ecfd27d657e714ed049d82f19b162e8d45",
                "sha256:cbc0611699e420774e945f6a4e2830f7ca2b3ee3483fca1aa659100049487dd5",
                "sha256:d02d813ec9958ed63b390ded463163685af6025cb2e9a226ec2c477df90c6957",
                "sha256:dd3b52e00f93fd1c86f2d78243dfb0d02743c94dd1d34ffea10055438e63b99d"
            ],
            "index": "pypi",
            "version": "==1.3.1"
        },
        "shepherd": {
            "editable": true,
            "path": "./software/python-package"
        },
        "shepherd-herd": {
            "editable": true,
            "path": "./software/shepherd-herd"
        },
        "six": {
            "hashes": [
                "sha256:236bdbdce46e6e6a3d61a337c0f8b763ca1e8717c03b369e87a7ec7ce1319c0a",
                "sha256:8f3cd2e254d8f793e7f3d6d9df77b92252b52637291d0f0da013c76ea2724b6c"
            ],
            "version": "==1.14.0"
        },
        "snowballstemmer": {
            "hashes": [
                "sha256:209f257d7533fdb3cb73bdbd24f436239ca3b2fa67d56f6ff88e86be08cc5ef0",
                "sha256:df3bac3df4c2c01363f3dd2cfa78cce2840a79b9f1c2d2de9ce8d31683992f52"
            ],
            "version": "==2.0.0"
        },
        "sphinx": {
            "hashes": [
                "sha256:22538e1bbe62b407cf5a8aabe1bb15848aa66bb79559f42f5202bbce6b757a69",
                "sha256:f9a79e746b87921cabc3baa375199c6076d1270cee53915dbd24fdbeaaacc427"
            ],
            "index": "pypi",
            "version": "==2.1.2"
        },
        "sphinx-click": {
            "hashes": [
                "sha256:7be243c3f621b6a45e5ff8f644408ed1f7fd88004388b36c77a242e8f0386c4d",
                "sha256:877d4e080f6ded85d566127c7256de8afae6ab4fdc7ef301f7cc906a8177e3e8"
            ],
            "index": "pypi",
            "version": "==2.3.0"
        },
        "sphinx-rtd-theme": {
            "hashes": [
                "sha256:00cf895504a7895ee433807c62094cf1e95f065843bf3acd17037c3e9a2becd4",
                "sha256:728607e34d60456d736cc7991fd236afb828b21b82f956c5ea75f94c8414040a"
            ],
            "index": "pypi",
            "version": "==0.4.3"
        },
        "sphinxcontrib-applehelp": {
            "hashes": [
                "sha256:edaa0ab2b2bc74403149cb0209d6775c96de797dfd5b5e2a71981309efab3897",
                "sha256:fb8dee85af95e5c30c91f10e7eb3c8967308518e0f7488a2828ef7bc191d0d5d"
            ],
            "version": "==1.0.1"
        },
        "sphinxcontrib-devhelp": {
            "hashes": [
                "sha256:6c64b077937330a9128a4da74586e8c2130262f014689b4b89e2d08ee7294a34",
                "sha256:9512ecb00a2b0821a146736b39f7aeb90759834b07e81e8cc23a9c70bacb9981"
            ],
            "version": "==1.0.1"
        },
        "sphinxcontrib-htmlhelp": {
            "hashes": [
                "sha256:3c0bc24a2c41e340ac37c85ced6dafc879ab485c095b1d65d2461ac2f7cca86f",
                "sha256:e8f5bb7e31b2dbb25b9cc435c8ab7a79787ebf7f906155729338f3156d93659b"
            ],
            "version": "==1.0.3"
        },
        "sphinxcontrib-jsmath": {
            "hashes": [
                "sha256:2ec2eaebfb78f3f2078e73666b1415417a116cc848b72e5172e596c871103178",
                "sha256:a9925e4a4587247ed2191a22df5f6970656cb8ca2bd6284309578f2153e0c4b8"
            ],
            "version": "==1.0.1"
        },
        "sphinxcontrib-qthelp": {
            "hashes": [
                "sha256:513049b93031beb1f57d4daea74068a4feb77aa5630f856fcff2e50de14e9a20",
                "sha256:79465ce11ae5694ff165becda529a600c754f4bc459778778c7017374d4d406f"
            ],
            "version": "==1.0.2"
        },
        "sphinxcontrib-serializinghtml": {
            "hashes": [
                "sha256:c0efb33f8052c04fd7a26c0a07f1678e8512e0faec19f4aa8f2473a8b81d5227",
                "sha256:db6615af393650bf1151a6cd39120c29abaf93cc60db8c48eb2dddbfdc3a9768"
            ],
            "version": "==1.1.3"
        },
        "urllib3": {
            "hashes": [
                "sha256:2f3db8b19923a873b3e5256dc9c2dedfa883e33d87c690d9c7913e1f40673cdc",
                "sha256:87716c2d2a7121198ebcb7ce7cccf6ce5e9ba539041cfbaeecfb641dc0bf6acc"
            ],
            "version": "==1.25.8"
        }
    },
    "develop": {
        "appdirs": {
            "hashes": [
                "sha256:9e5896d1372858f8dd3344faf4e5014d21849c756c8d5701f78f8a103b372d92",
                "sha256:d8b24664561d0d34ddfaec54636d502d7cea6e29c3eaf68f3df6180863e2166e"
            ],
            "version": "==1.4.3"
        },
        "astroid": {
            "hashes": [
                "sha256:71ea07f44df9568a75d0f354c49143a4575d90645e9fead6dfb52c26a85ed13a",
                "sha256:840947ebfa8b58f318d42301cf8c0a20fd794a33b61cc4638e28e9e61ba32f42"
            ],
            "version": "==2.3.3"
        },
        "attrs": {
            "hashes": [
                "sha256:08a96c641c3a74e44eb59afb61a24f2cb9f4d7188748e76ba4bb5edfa3cb7d1c",
                "sha256:f7b7ce16570fe9965acd6d30101a28f62fb4a7f9e926b3bbc9b61f8b04247e72"
            ],
            "version": "==19.3.0"
        },
        "black": {
            "hashes": [
                "sha256:09a9dcb7c46ed496a9850b76e4e825d6049ecd38b611f1224857a79bd985a8cf",
                "sha256:68950ffd4d9169716bcb8719a56c07a2f4485354fec061cdd5910aa07369731c"
            ],
            "index": "pypi",
            "version": "==19.3b0"
        },
        "bleach": {
            "hashes": [
                "sha256:44f69771e2ac81ff30d929d485b7f9919f3ad6d019b6b20c74f3b8687c3f70df",
                "sha256:aa8b870d0f46965bac2c073a93444636b0e1ca74e9777e34f03dd494b8a59d48"
            ],
            "index": "pypi",
            "version": "==3.1.1"
        },
        "bump2version": {
            "hashes": [
                "sha256:524bde030318fe2543038defe0f77739605636fef96924883813cb290cf79c1e",
                "sha256:bfcc051498dda9fd9ac8634689f4516e1c20fdeeace3278932cc6e1248418b36"
            ],
            "index": "pypi",
            "version": "==0.5.11"
        },
        "certifi": {
            "hashes": [
                "sha256:017c25db2a153ce562900032d5bc68e9f191e44e9a0f762f373977de9df1fbb3",
                "sha256:25b64c7da4cd7479594d035c08c2d809eb4aab3a26e5a990ea98cc450c320f1f"
            ],
            "version": "==2019.11.28"
        },
        "chardet": {
            "hashes": [
                "sha256:84ab92ed1c4d4f16916e05906b6b75a6c0fb5db821cc65e70cbd64a3e2a5eaae",
                "sha256:fc323ffcaeaed0e0a02bf4d117757b98aed530d9ed4531e3e15460124c106691"
            ],
            "version": "==3.0.4"
        },
        "click": {
            "hashes": [
                "sha256:2335065e6395b9e67ca716de5f7526736bfa6ceead690adf616d925bdc622b13",
                "sha256:5b94b49521f6456670fdb30cd82a4eca9412788a93fa6dd6df72c94d5a8ff2d7"
            ],
            "version": "==7.0"
        },
        "docutils": {
            "hashes": [
                "sha256:0c5b78adfbf7762415433f5515cd5c9e762339e23369dbe8000d84a4bf4ab3af",
                "sha256:c2de3a60e9e7d07be26b7f2b00ca0309c207e06c100f9cc2a94931fc75a478fc"
            ],
            "version": "==0.16"
        },
        "idna": {
            "hashes": [
                "sha256:7588d1c14ae4c77d74036e8c22ff447b26d0fde8f007354fd48a7814db15b7cb",
                "sha256:a068a21ceac8a4d63dbfd964670474107f541babbd2250d61922f029858365fa"
            ],
            "version": "==2.9"
        },
        "isort": {
            "hashes": [
                "sha256:54da7e92468955c4fceacd0c86bd0ec997b0e1ee80d97f67c35a78b719dccab1",
                "sha256:6e811fcb295968434526407adb8796944f1988c5b65e8139058f2014cbe100fd"
            ],
            "version": "==4.3.21"
        },
        "lazy-object-proxy": {
            "hashes": [
                "sha256:0c4b206227a8097f05c4dbdd323c50edf81f15db3b8dc064d08c62d37e1a504d",
                "sha256:194d092e6f246b906e8f70884e620e459fc54db3259e60cf69a4d66c3fda3449",
                "sha256:1be7e4c9f96948003609aa6c974ae59830a6baecc5376c25c92d7d697e684c08",
                "sha256:4677f594e474c91da97f489fea5b7daa17b5517190899cf213697e48d3902f5a",
                "sha256:48dab84ebd4831077b150572aec802f303117c8cc5c871e182447281ebf3ac50",
                "sha256:5541cada25cd173702dbd99f8e22434105456314462326f06dba3e180f203dfd",
                "sha256:59f79fef100b09564bc2df42ea2d8d21a64fdcda64979c0fa3db7bdaabaf6239",
                "sha256:8d859b89baf8ef7f8bc6b00aa20316483d67f0b1cbf422f5b4dc56701c8f2ffb",
                "sha256:9254f4358b9b541e3441b007a0ea0764b9d056afdeafc1a5569eee1cc6c1b9ea",
                "sha256:9651375199045a358eb6741df3e02a651e0330be090b3bc79f6d0de31a80ec3e",
                "sha256:97bb5884f6f1cdce0099f86b907aa41c970c3c672ac8b9c8352789e103cf3156",
                "sha256:9b15f3f4c0f35727d3a0fba4b770b3c4ebbb1fa907dbcc046a1d2799f3edd142",
                "sha256:a2238e9d1bb71a56cd710611a1614d1194dc10a175c1e08d75e1a7bcc250d442",
                "sha256:a6ae12d08c0bf9909ce12385803a543bfe99b95fe01e752536a60af2b7797c62",
                "sha256:ca0a928a3ddbc5725be2dd1cf895ec0a254798915fb3a36af0964a0a4149e3db",
                "sha256:cb2c7c57005a6804ab66f106ceb8482da55f5314b7fcb06551db1edae4ad1531",
                "sha256:d74bb8693bf9cf75ac3b47a54d716bbb1a92648d5f781fc799347cfc95952383",
                "sha256:d945239a5639b3ff35b70a88c5f2f491913eb94871780ebfabb2568bd58afc5a",
                "sha256:eba7011090323c1dadf18b3b689845fd96a61ba0a1dfbd7f24b921398affc357",
                "sha256:efa1909120ce98bbb3777e8b6f92237f5d5c8ea6758efea36a473e1d38f7d3e4",
                "sha256:f3900e8a5de27447acbf900b4750b0ddfd7ec1ea7fbaf11dfa911141bc522af0"
            ],
            "version": "==1.4.3"
        },
        "mccabe": {
            "hashes": [
                "sha256:ab8a6258860da4b6677da4bd2fe5dc2c659cff31b3ee4f7f5d64e79735b80d42",
                "sha256:dd8d182285a0fe56bace7f45b5e7d1a6ebcbf524e8f3bd87eb0f125271b8831f"
            ],
            "version": "==0.6.1"
        },
        "pkginfo": {
            "hashes": [
                "sha256:7424f2c8511c186cd5424bbf31045b77435b37a8d604990b79d4e70d741148bb",
                "sha256:a6d9e40ca61ad3ebd0b72fbadd4fba16e4c0e4df0428c041e01e06eb6ee71f32"
            ],
            "version": "==1.5.0.1"
        },
        "pygments": {
            "hashes": [
                "sha256:2a3fe295e54a20164a9df49c75fa58526d3be48e14aceba6d6b1e8ac0bfd6f1b",
                "sha256:98c8aa5a9f778fcd1026a17361ddaf7330d1b7c62ae97c3bb0ae73e0b9b6b0fe"
            ],
            "version": "==2.5.2"
        },
        "pylint": {
            "hashes": [
                "sha256:2d64b4b8fa044480b1a49d47535da53557f8f426b8c5bd6a23beb65e905101a1",
                "sha256:6cbd124a1a5ed1fd3f3fed4178a6c2ba166862ea0dac6ab2ff8d9f0998b13e5c"
            ],
            "index": "pypi",
            "version": "==2.4.1"
        },
        "readme-renderer": {
            "hashes": [
                "sha256:bb16f55b259f27f75f640acf5e00cf897845a8b3e4731b5c1a436e4b8529202f",
                "sha256:c8532b79afc0375a85f10433eca157d6b50f7d6990f337fa498c96cd4bfc203d"
            ],
            "version": "==24.0"
        },
        "requests": {
            "hashes": [
                "sha256:43999036bfa82904b6af1d99e4882b560e5e2c68e5c4b0aa03b655f3d7d73fee",
                "sha256:b3f43d496c6daba4493e7c431722aeb7dbc6288f52a6e04e7b6023b0247817e6"
            ],
            "version": "==2.23.0"
        },
        "requests-toolbelt": {
            "hashes": [
                "sha256:380606e1d10dc85c3bd47bf5a6095f815ec007be7a8b69c878507068df059e6f",
                "sha256:968089d4584ad4ad7c171454f0a5c6dac23971e9472521ea3b6d49d610aa6fc0"
            ],
            "version": "==0.9.1"
        },
        "six": {
            "hashes": [
                "sha256:236bdbdce46e6e6a3d61a337c0f8b763ca1e8717c03b369e87a7ec7ce1319c0a",
                "sha256:8f3cd2e254d8f793e7f3d6d9df77b92252b52637291d0f0da013c76ea2724b6c"
            ],
            "version": "==1.14.0"
        },
        "toml": {
            "hashes": [
                "sha256:229f81c57791a41d65e399fc06bf0848bab550a9dfd5ed66df18ce5f05e73d5c",
                "sha256:235682dd292d5899d361a811df37e04a8828a5b1da3115886b73cf81ebc9100e"
            ],
            "version": "==0.10.0"
        },
        "tqdm": {
            "hashes": [
                "sha256:0d8b5afb66e23d80433102e9bd8b5c8b65d34c2a2255b2de58d97bd2ea8170fd",
                "sha256:f35fb121bafa030bd94e74fcfd44f3c2830039a2ddef7fc87ef1c2d205237b24"
            ],
            "version": "==4.43.0"
        },
        "twine": {
            "hashes": [
                "sha256:5319dd3e02ac73fcddcd94f035b9631589ab5d23e1f4699d57365199d85261e1",
                "sha256:9fe7091715c7576df166df8ef6654e61bada39571783f2fd415bdcba867c6993"
            ],
            "index": "pypi",
            "version": "==2.0.0"
        },
        "urllib3": {
            "hashes": [
                "sha256:2f3db8b19923a873b3e5256dc9c2dedfa883e33d87c690d9c7913e1f40673cdc",
                "sha256:87716c2d2a7121198ebcb7ce7cccf6ce5e9ba539041cfbaeecfb641dc0bf6acc"
            ],
            "version": "==1.25.8"
        },
        "webencodings": {
            "hashes": [
                "sha256:a0af1213f3c2226497a97e2b3aa01a7e4bee4f403f95be16fc9acd2947514a78",
                "sha256:b36a1c245f2d304965eb4e0a82848379241dc04b865afcc4aab16748587e1923"
            ],
            "version": "==0.5.1"
        },
        "wrapt": {
            "hashes": [
                "sha256:565a021fd19419476b9362b05eeaa094178de64f8361e44468f9e9d7843901e1"
            ],
            "version": "==1.11.2"
        }
    }
}
